// !$*UTF8*$!
{
	archiveVersion = 1;
	classes = {
	};
	objectVersion = 55;
	objects = {

/* Begin PBXBuildFile section */
		3C20D4A127367876003F282C /* Kingfisher in Frameworks */ = {isa = PBXBuildFile; productRef = 3C20D4A027367876003F282C /* Kingfisher */; };
		3C20D4A327368A20003F282C /* Photo.swift in Sources */ = {isa = PBXBuildFile; fileRef = 3C20D4A227368A20003F282C /* Photo.swift */; };
		3C20D4A52736A1F0003F282C /* VKResponse.swift in Sources */ = {isa = PBXBuildFile; fileRef = 3C20D4A42736A1F0003F282C /* VKResponse.swift */; };
		3C2DAAA42717171400D0554E /* AppDelegate.swift in Sources */ = {isa = PBXBuildFile; fileRef = 3C2DAAA32717171400D0554E /* AppDelegate.swift */; };
		3C2DAAA62717171400D0554E /* SceneDelegate.swift in Sources */ = {isa = PBXBuildFile; fileRef = 3C2DAAA52717171400D0554E /* SceneDelegate.swift */; };
		3C2DAAA82717171400D0554E /* ViewController.swift in Sources */ = {isa = PBXBuildFile; fileRef = 3C2DAAA72717171400D0554E /* ViewController.swift */; };
		3C2DAAAB2717171400D0554E /* Main.storyboard in Resources */ = {isa = PBXBuildFile; fileRef = 3C2DAAA92717171400D0554E /* Main.storyboard */; };
		3C2DAAAD2717171900D0554E /* Assets.xcassets in Resources */ = {isa = PBXBuildFile; fileRef = 3C2DAAAC2717171900D0554E /* Assets.xcassets */; };
		3C2DAAB02717171900D0554E /* LaunchScreen.storyboard in Resources */ = {isa = PBXBuildFile; fileRef = 3C2DAAAE2717171900D0554E /* LaunchScreen.storyboard */; };
		3C9502F2271FEF570095D92F /* User.swift in Sources */ = {isa = PBXBuildFile; fileRef = 3C9502F1271FEF570095D92F /* User.swift */; };
		3C9502F4271FF1C10095D92F /* FriendsTableViewController.swift in Sources */ = {isa = PBXBuildFile; fileRef = 3C9502F3271FF1C10095D92F /* FriendsTableViewController.swift */; };
		3C9502F7271FF26B0095D92F /* LoremSwiftum.swift in Sources */ = {isa = PBXBuildFile; fileRef = 3C9502F6271FF26B0095D92F /* LoremSwiftum.swift */; };
		3C9502FB271FF5950095D92F /* UserCell.swift in Sources */ = {isa = PBXBuildFile; fileRef = 3C9502FA271FF5950095D92F /* UserCell.swift */; };
		3C9502FD271FF8B40095D92F /* Groupe.swift in Sources */ = {isa = PBXBuildFile; fileRef = 3C9502FC271FF8B40095D92F /* Groupe.swift */; };
		3C9502FF271FFB720095D92F /* AllGroupTableViewController.swift in Sources */ = {isa = PBXBuildFile; fileRef = 3C9502FE271FFB720095D92F /* AllGroupTableViewController.swift */; };
		3C950301271FFECD0095D92F /* PhotoCollectionViewController.swift in Sources */ = {isa = PBXBuildFile; fileRef = 3C950300271FFECD0095D92F /* PhotoCollectionViewController.swift */; };
		3C950305272016670095D92F /* PhotoCell.swift in Sources */ = {isa = PBXBuildFile; fileRef = 3C950304272016670095D92F /* PhotoCell.swift */; };
		3C950307272018D20095D92F /* MyGroupTableViewController.swift in Sources */ = {isa = PBXBuildFile; fileRef = 3C950306272018D20095D92F /* MyGroupTableViewController.swift */; };
		3C9503092722BCA30095D92F /* NewsTableViewController.swift in Sources */ = {isa = PBXBuildFile; fileRef = 3C9503082722BCA20095D92F /* NewsTableViewController.swift */; };
		3C95030B2722BCE70095D92F /* News.swift in Sources */ = {isa = PBXBuildFile; fileRef = 3C95030A2722BCE70095D92F /* News.swift */; };
		3C9503122722C44A0095D92F /* NewsCell.swift in Sources */ = {isa = PBXBuildFile; fileRef = 3C9503102722C44A0095D92F /* NewsCell.swift */; };
		3C9503132722C44A0095D92F /* NewsCell.xib in Resources */ = {isa = PBXBuildFile; fileRef = 3C9503112722C44A0095D92F /* NewsCell.xib */; };
		3C9503162722DE970095D92F /* PhotoCollectionCell.swift in Sources */ = {isa = PBXBuildFile; fileRef = 3C9503142722DE970095D92F /* PhotoCollectionCell.swift */; };
		3C9503172722DE970095D92F /* PhotoCollectionCell.xib in Resources */ = {isa = PBXBuildFile; fileRef = 3C9503152722DE970095D92F /* PhotoCollectionCell.xib */; };
		3CCBC09D2729D36800747BC7 /* Session.swift in Sources */ = {isa = PBXBuildFile; fileRef = 3CCBC09C2729D36800747BC7 /* Session.swift */; };
		3CCBC0A2272AA33300747BC7 /* Alamofire in Frameworks */ = {isa = PBXBuildFile; productRef = 3CCBC0A1272AA33300747BC7 /* Alamofire */; };
		3CCBC0A4272AA8E000747BC7 /* VKService.swift in Sources */ = {isa = PBXBuildFile; fileRef = 3CCBC0A3272AA8E000747BC7 /* VKService.swift */; };
		3CCBC0A7272AAB5600747BC7 /* WebKit.framework in Frameworks */ = {isa = PBXBuildFile; fileRef = 3CCBC0A6272AAB5600747BC7 /* WebKit.framework */; };
/* End PBXBuildFile section */

/* Begin PBXFileReference section */
		3C20D4A227368A20003F282C /* Photo.swift */ = {isa = PBXFileReference; lastKnownFileType = sourcecode.swift; path = Photo.swift; sourceTree = "<group>"; };
		3C20D4A42736A1F0003F282C /* VKResponse.swift */ = {isa = PBXFileReference; lastKnownFileType = sourcecode.swift; path = VKResponse.swift; sourceTree = "<group>"; };
		3C2DAAA02717171400D0554E /* VkLoginApp.app */ = {isa = PBXFileReference; explicitFileType = wrapper.application; includeInIndex = 0; path = VkLoginApp.app; sourceTree = BUILT_PRODUCTS_DIR; };
		3C2DAAA32717171400D0554E /* AppDelegate.swift */ = {isa = PBXFileReference; lastKnownFileType = sourcecode.swift; path = AppDelegate.swift; sourceTree = "<group>"; };
		3C2DAAA52717171400D0554E /* SceneDelegate.swift */ = {isa = PBXFileReference; lastKnownFileType = sourcecode.swift; path = SceneDelegate.swift; sourceTree = "<group>"; };
		3C2DAAA72717171400D0554E /* ViewController.swift */ = {isa = PBXFileReference; lastKnownFileType = sourcecode.swift; path = ViewController.swift; sourceTree = "<group>"; };
		3C2DAAAA2717171400D0554E /* Base */ = {isa = PBXFileReference; lastKnownFileType = file.storyboard; name = Base; path = Base.lproj/Main.storyboard; sourceTree = "<group>"; };
		3C2DAAAC2717171900D0554E /* Assets.xcassets */ = {isa = PBXFileReference; lastKnownFileType = folder.assetcatalog; path = Assets.xcassets; sourceTree = "<group>"; };
		3C2DAAAF2717171900D0554E /* Base */ = {isa = PBXFileReference; lastKnownFileType = file.storyboard; name = Base; path = Base.lproj/LaunchScreen.storyboard; sourceTree = "<group>"; };
		3C2DAAB12717171900D0554E /* Info.plist */ = {isa = PBXFileReference; lastKnownFileType = text.plist.xml; path = Info.plist; sourceTree = "<group>"; };
		3C9502F1271FEF570095D92F /* User.swift */ = {isa = PBXFileReference; lastKnownFileType = sourcecode.swift; path = User.swift; sourceTree = "<group>"; };
		3C9502F3271FF1C10095D92F /* FriendsTableViewController.swift */ = {isa = PBXFileReference; lastKnownFileType = sourcecode.swift; path = FriendsTableViewController.swift; sourceTree = "<group>"; };
		3C9502F6271FF26B0095D92F /* LoremSwiftum.swift */ = {isa = PBXFileReference; fileEncoding = 4; lastKnownFileType = sourcecode.swift; path = LoremSwiftum.swift; sourceTree = "<group>"; };
		3C9502FA271FF5950095D92F /* UserCell.swift */ = {isa = PBXFileReference; lastKnownFileType = sourcecode.swift; path = UserCell.swift; sourceTree = "<group>"; };
		3C9502FC271FF8B40095D92F /* Groupe.swift */ = {isa = PBXFileReference; lastKnownFileType = sourcecode.swift; path = Groupe.swift; sourceTree = "<group>"; };
		3C9502FE271FFB720095D92F /* AllGroupTableViewController.swift */ = {isa = PBXFileReference; lastKnownFileType = sourcecode.swift; path = AllGroupTableViewController.swift; sourceTree = "<group>"; };
		3C950300271FFECD0095D92F /* PhotoCollectionViewController.swift */ = {isa = PBXFileReference; lastKnownFileType = sourcecode.swift; path = PhotoCollectionViewController.swift; sourceTree = "<group>"; };
		3C950304272016670095D92F /* PhotoCell.swift */ = {isa = PBXFileReference; lastKnownFileType = sourcecode.swift; path = PhotoCell.swift; sourceTree = "<group>"; };
		3C950306272018D20095D92F /* MyGroupTableViewController.swift */ = {isa = PBXFileReference; lastKnownFileType = sourcecode.swift; path = MyGroupTableViewController.swift; sourceTree = "<group>"; };
		3C9503082722BCA20095D92F /* NewsTableViewController.swift */ = {isa = PBXFileReference; lastKnownFileType = sourcecode.swift; path = NewsTableViewController.swift; sourceTree = "<group>"; };
		3C95030A2722BCE70095D92F /* News.swift */ = {isa = PBXFileReference; lastKnownFileType = sourcecode.swift; path = News.swift; sourceTree = "<group>"; };
		3C9503102722C44A0095D92F /* NewsCell.swift */ = {isa = PBXFileReference; lastKnownFileType = sourcecode.swift; path = NewsCell.swift; sourceTree = "<group>"; };
		3C9503112722C44A0095D92F /* NewsCell.xib */ = {isa = PBXFileReference; lastKnownFileType = file.xib; path = NewsCell.xib; sourceTree = "<group>"; };
		3C9503142722DE970095D92F /* PhotoCollectionCell.swift */ = {isa = PBXFileReference; lastKnownFileType = sourcecode.swift; path = PhotoCollectionCell.swift; sourceTree = "<group>"; };
		3C9503152722DE970095D92F /* PhotoCollectionCell.xib */ = {isa = PBXFileReference; lastKnownFileType = file.xib; path = PhotoCollectionCell.xib; sourceTree = "<group>"; };
		3CCBC09C2729D36800747BC7 /* Session.swift */ = {isa = PBXFileReference; lastKnownFileType = sourcecode.swift; path = Session.swift; sourceTree = "<group>"; };
		3CCBC0A3272AA8E000747BC7 /* VKService.swift */ = {isa = PBXFileReference; lastKnownFileType = sourcecode.swift; path = VKService.swift; sourceTree = "<group>"; };
		3CCBC0A6272AAB5600747BC7 /* WebKit.framework */ = {isa = PBXFileReference; lastKnownFileType = wrapper.framework; name = WebKit.framework; path = System/Library/Frameworks/WebKit.framework; sourceTree = SDKROOT; };
/* End PBXFileReference section */

/* Begin PBXFrameworksBuildPhase section */
		3C2DAA9D2717171400D0554E /* Frameworks */ = {
			isa = PBXFrameworksBuildPhase;
			buildActionMask = 2147483647;
			files = (
				3C20D4A127367876003F282C /* Kingfisher in Frameworks */,
				3CCBC0A7272AAB5600747BC7 /* WebKit.framework in Frameworks */,
				3CCBC0A2272AA33300747BC7 /* Alamofire in Frameworks */,
			);
			runOnlyForDeploymentPostprocessing = 0;
		};
/* End PBXFrameworksBuildPhase section */

/* Begin PBXGroup section */
		3C2DAA972717171400D0554E = {
			isa = PBXGroup;
			children = (
				3C2DAAA22717171400D0554E /* VkLoginApp */,
				3C2DAAA12717171400D0554E /* Products */,
				3CCBC0A5272AAB5600747BC7 /* Frameworks */,
			);
			sourceTree = "<group>";
		};
		3C2DAAA12717171400D0554E /* Products */ = {
			isa = PBXGroup;
			children = (
				3C2DAAA02717171400D0554E /* VkLoginApp.app */,
			);
			name = Products;
			sourceTree = "<group>";
		};
		3C2DAAA22717171400D0554E /* VkLoginApp */ = {
			isa = PBXGroup;
			children = (
				3C9502EF271FEDEC0095D92F /* App */,
				3C9502EC271FEDC30095D92F /* Model */,
				3C9502ED271FEDD50095D92F /* View */,
				3C9502EE271FEDDB0095D92F /* Controller */,
				3C8EBB622729867C0088F9FE /* Network Servise */,
				3C9502F5271FF2440095D92F /* Supporting files */,
				3C2DAAB12717171900D0554E /* Info.plist */,
			);
			path = VkLoginApp;
			sourceTree = "<group>";
		};
		3C8EBB622729867C0088F9FE /* Network Servise */ = {
			isa = PBXGroup;
			children = (
				3CCBC09C2729D36800747BC7 /* Session.swift */,
				3C20D4A42736A1F0003F282C /* VKResponse.swift */,
				3CCBC0A3272AA8E000747BC7 /* VKService.swift */,
			);
			path = "Network Servise";
			sourceTree = "<group>";
		};
		3C9502EC271FEDC30095D92F /* Model */ = {
			isa = PBXGroup;
			children = (
				3C9502F1271FEF570095D92F /* User.swift */,
				3C20D4A227368A20003F282C /* Photo.swift */,
				3C9502FC271FF8B40095D92F /* Groupe.swift */,
				3C95030A2722BCE70095D92F /* News.swift */,
			);
			path = Model;
			sourceTree = "<group>";
		};
		3C9502ED271FEDD50095D92F /* View */ = {
			isa = PBXGroup;
			children = (
				3C9502F0271FEE020095D92F /* Storyboard */,
				3C9502F9271FF5540095D92F /* Cell */,
			);
			path = View;
			sourceTree = "<group>";
		};
		3C9502EE271FEDDB0095D92F /* Controller */ = {
			isa = PBXGroup;
			children = (
				3C2DAAA72717171400D0554E /* ViewController.swift */,
				3C9502F3271FF1C10095D92F /* FriendsTableViewController.swift */,
				3C950300271FFECD0095D92F /* PhotoCollectionViewController.swift */,
				3C950306272018D20095D92F /* MyGroupTableViewController.swift */,
				3C9502FE271FFB720095D92F /* AllGroupTableViewController.swift */,
				3C9503082722BCA20095D92F /* NewsTableViewController.swift */,
			);
			path = Controller;
			sourceTree = "<group>";
		};
		3C9502EF271FEDEC0095D92F /* App */ = {
			isa = PBXGroup;
			children = (
				3C2DAAA32717171400D0554E /* AppDelegate.swift */,
				3C2DAAA52717171400D0554E /* SceneDelegate.swift */,
				3C2DAAAC2717171900D0554E /* Assets.xcassets */,
			);
			name = App;
			sourceTree = "<group>";
		};
		3C9502F0271FEE020095D92F /* Storyboard */ = {
			isa = PBXGroup;
			children = (
				3C2DAAA92717171400D0554E /* Main.storyboard */,
				3C2DAAAE2717171900D0554E /* LaunchScreen.storyboard */,
			);
			path = Storyboard;
			sourceTree = "<group>";
		};
		3C9502F5271FF2440095D92F /* Supporting files */ = {
			isa = PBXGroup;
			children = (
				3C9502F6271FF26B0095D92F /* LoremSwiftum.swift */,
			);
			path = "Supporting files";
			sourceTree = "<group>";
		};
		3C9502F9271FF5540095D92F /* Cell */ = {
			isa = PBXGroup;
			children = (
				3C9502FA271FF5950095D92F /* UserCell.swift */,
				3C950304272016670095D92F /* PhotoCell.swift */,
				3C9503102722C44A0095D92F /* NewsCell.swift */,
				3C9503112722C44A0095D92F /* NewsCell.xib */,
				3C9503142722DE970095D92F /* PhotoCollectionCell.swift */,
				3C9503152722DE970095D92F /* PhotoCollectionCell.xib */,
			);
			path = Cell;
			sourceTree = "<group>";
		};
		3CCBC0A5272AAB5600747BC7 /* Frameworks */ = {
			isa = PBXGroup;
			children = (
				3CCBC0A6272AAB5600747BC7 /* WebKit.framework */,
			);
			name = Frameworks;
			sourceTree = "<group>";
		};
/* End PBXGroup section */

/* Begin PBXNativeTarget section */
		3C2DAA9F2717171400D0554E /* VkLoginApp */ = {
			isa = PBXNativeTarget;
			buildConfigurationList = 3C2DAAB42717171900D0554E /* Build configuration list for PBXNativeTarget "VkLoginApp" */;
			buildPhases = (
				3C2DAA9C2717171400D0554E /* Sources */,
				3C2DAA9D2717171400D0554E /* Frameworks */,
				3C2DAA9E2717171400D0554E /* Resources */,
			);
			buildRules = (
			);
			dependencies = (
			);
			name = VkLoginApp;
			packageProductDependencies = (
				3CCBC0A1272AA33300747BC7 /* Alamofire */,
				3C20D4A027367876003F282C /* Kingfisher */,
			);
			productName = VkLoginApp;
			productReference = 3C2DAAA02717171400D0554E /* VkLoginApp.app */;
			productType = "com.apple.product-type.application";
		};
/* End PBXNativeTarget section */

/* Begin PBXProject section */
		3C2DAA982717171400D0554E /* Project object */ = {
			isa = PBXProject;
			attributes = {
				BuildIndependentTargetsInParallel = 1;
				LastSwiftUpdateCheck = 1300;
				LastUpgradeCheck = 1300;
				TargetAttributes = {
					3C2DAA9F2717171400D0554E = {
						CreatedOnToolsVersion = 13.0;
					};
				};
			};
			buildConfigurationList = 3C2DAA9B2717171400D0554E /* Build configuration list for PBXProject "VkLoginApp" */;
			compatibilityVersion = "Xcode 13.0";
			developmentRegion = en;
			hasScannedForEncodings = 0;
			knownRegions = (
				en,
				Base,
			);
			mainGroup = 3C2DAA972717171400D0554E;
			packageReferences = (
				3CCBC0A0272AA33200747BC7 /* XCRemoteSwiftPackageReference "Alamofire" */,
				3C20D49F27367876003F282C /* XCRemoteSwiftPackageReference "Kingfisher" */,
			);
			productRefGroup = 3C2DAAA12717171400D0554E /* Products */;
			projectDirPath = "";
			projectRoot = "";
			targets = (
				3C2DAA9F2717171400D0554E /* VkLoginApp */,
			);
		};
/* End PBXProject section */

/* Begin PBXResourcesBuildPhase section */
		3C2DAA9E2717171400D0554E /* Resources */ = {
			isa = PBXResourcesBuildPhase;
			buildActionMask = 2147483647;
			files = (
				3C2DAAB02717171900D0554E /* LaunchScreen.storyboard in Resources */,
				3C9503172722DE970095D92F /* PhotoCollectionCell.xib in Resources */,
				3C2DAAAD2717171900D0554E /* Assets.xcassets in Resources */,
				3C9503132722C44A0095D92F /* NewsCell.xib in Resources */,
				3C2DAAAB2717171400D0554E /* Main.storyboard in Resources */,
			);
			runOnlyForDeploymentPostprocessing = 0;
		};
/* End PBXResourcesBuildPhase section */

/* Begin PBXSourcesBuildPhase section */
		3C2DAA9C2717171400D0554E /* Sources */ = {
			isa = PBXSourcesBuildPhase;
			buildActionMask = 2147483647;
			files = (
				3C9502F2271FEF570095D92F /* User.swift in Sources */,
				3CCBC09D2729D36800747BC7 /* Session.swift in Sources */,
				3C9502FD271FF8B40095D92F /* Groupe.swift in Sources */,
				3C2DAAA82717171400D0554E /* ViewController.swift in Sources */,
				3C20D4A327368A20003F282C /* Photo.swift in Sources */,
				3C2DAAA42717171400D0554E /* AppDelegate.swift in Sources */,
				3C9503122722C44A0095D92F /* NewsCell.swift in Sources */,
				3C20D4A52736A1F0003F282C /* VKResponse.swift in Sources */,
				3CCBC0A4272AA8E000747BC7 /* VKService.swift in Sources */,
				3C95030B2722BCE70095D92F /* News.swift in Sources */,
				3C9502FF271FFB720095D92F /* AllGroupTableViewController.swift in Sources */,
				3C950301271FFECD0095D92F /* PhotoCollectionViewController.swift in Sources */,
				3C9503092722BCA30095D92F /* NewsTableViewController.swift in Sources */,
				3C950307272018D20095D92F /* MyGroupTableViewController.swift in Sources */,
				3C9503162722DE970095D92F /* PhotoCollectionCell.swift in Sources */,
				3C9502F7271FF26B0095D92F /* LoremSwiftum.swift in Sources */,
				3C2DAAA62717171400D0554E /* SceneDelegate.swift in Sources */,
				3C9502F4271FF1C10095D92F /* FriendsTableViewController.swift in Sources */,
				3C950305272016670095D92F /* PhotoCell.swift in Sources */,
				3C9502FB271FF5950095D92F /* UserCell.swift in Sources */,
			);
			runOnlyForDeploymentPostprocessing = 0;
		};
/* End PBXSourcesBuildPhase section */

/* Begin PBXVariantGroup section */
		3C2DAAA92717171400D0554E /* Main.storyboard */ = {
			isa = PBXVariantGroup;
			children = (
				3C2DAAAA2717171400D0554E /* Base */,
			);
			name = Main.storyboard;
			sourceTree = "<group>";
		};
		3C2DAAAE2717171900D0554E /* LaunchScreen.storyboard */ = {
			isa = PBXVariantGroup;
			children = (
				3C2DAAAF2717171900D0554E /* Base */,
			);
			name = LaunchScreen.storyboard;
			sourceTree = "<group>";
		};
/* End PBXVariantGroup section */

/* Begin XCBuildConfiguration section */
		3C2DAAB22717171900D0554E /* Debug */ = {
			isa = XCBuildConfiguration;
			buildSettings = {
				ALWAYS_SEARCH_USER_PATHS = NO;
				CLANG_ANALYZER_NONNULL = YES;
				CLANG_ANALYZER_NUMBER_OBJECT_CONVERSION = YES_AGGRESSIVE;
				CLANG_CXX_LANGUAGE_STANDARD = "gnu++17";
				CLANG_CXX_LIBRARY = "libc++";
				CLANG_ENABLE_MODULES = YES;
				CLANG_ENABLE_OBJC_ARC = YES;
				CLANG_ENABLE_OBJC_WEAK = YES;
				CLANG_WARN_BLOCK_CAPTURE_AUTORELEASING = YES;
				CLANG_WARN_BOOL_CONVERSION = YES;
				CLANG_WARN_COMMA = YES;
				CLANG_WARN_CONSTANT_CONVERSION = YES;
				CLANG_WARN_DEPRECATED_OBJC_IMPLEMENTATIONS = YES;
				CLANG_WARN_DIRECT_OBJC_ISA_USAGE = YES_ERROR;
				CLANG_WARN_DOCUMENTATION_COMMENTS = YES;
				CLANG_WARN_EMPTY_BODY = YES;
				CLANG_WARN_ENUM_CONVERSION = YES;
				CLANG_WARN_INFINITE_RECURSION = YES;
				CLANG_WARN_INT_CONVERSION = YES;
				CLANG_WARN_NON_LITERAL_NULL_CONVERSION = YES;
				CLANG_WARN_OBJC_IMPLICIT_RETAIN_SELF = YES;
				CLANG_WARN_OBJC_LITERAL_CONVERSION = YES;
				CLANG_WARN_OBJC_ROOT_CLASS = YES_ERROR;
				CLANG_WARN_QUOTED_INCLUDE_IN_FRAMEWORK_HEADER = YES;
				CLANG_WARN_RANGE_LOOP_ANALYSIS = YES;
				CLANG_WARN_STRICT_PROTOTYPES = YES;
				CLANG_WARN_SUSPICIOUS_MOVE = YES;
				CLANG_WARN_UNGUARDED_AVAILABILITY = YES_AGGRESSIVE;
				CLANG_WARN_UNREACHABLE_CODE = YES;
				CLANG_WARN__DUPLICATE_METHOD_MATCH = YES;
				COPY_PHASE_STRIP = NO;
				DEBUG_INFORMATION_FORMAT = dwarf;
				ENABLE_STRICT_OBJC_MSGSEND = YES;
				ENABLE_TESTABILITY = YES;
				GCC_C_LANGUAGE_STANDARD = gnu11;
				GCC_DYNAMIC_NO_PIC = NO;
				GCC_NO_COMMON_BLOCKS = YES;
				GCC_OPTIMIZATION_LEVEL = 0;
				GCC_PREPROCESSOR_DEFINITIONS = (
					"DEBUG=1",
					"$(inherited)",
				);
				GCC_WARN_64_TO_32_BIT_CONVERSION = YES;
				GCC_WARN_ABOUT_RETURN_TYPE = YES_ERROR;
				GCC_WARN_UNDECLARED_SELECTOR = YES;
				GCC_WARN_UNINITIALIZED_AUTOS = YES_AGGRESSIVE;
				GCC_WARN_UNUSED_FUNCTION = YES;
				GCC_WARN_UNUSED_VARIABLE = YES;
				IPHONEOS_DEPLOYMENT_TARGET = 15.0;
				MTL_ENABLE_DEBUG_INFO = INCLUDE_SOURCE;
				MTL_FAST_MATH = YES;
				ONLY_ACTIVE_ARCH = YES;
				SDKROOT = iphoneos;
				SWIFT_ACTIVE_COMPILATION_CONDITIONS = DEBUG;
				SWIFT_OPTIMIZATION_LEVEL = "-Onone";
			};
			name = Debug;
		};
		3C2DAAB32717171900D0554E /* Release */ = {
			isa = XCBuildConfiguration;
			buildSettings = {
				ALWAYS_SEARCH_USER_PATHS = NO;
				CLANG_ANALYZER_NONNULL = YES;
				CLANG_ANALYZER_NUMBER_OBJECT_CONVERSION = YES_AGGRESSIVE;
				CLANG_CXX_LANGUAGE_STANDARD = "gnu++17";
				CLANG_CXX_LIBRARY = "libc++";
				CLANG_ENABLE_MODULES = YES;
				CLANG_ENABLE_OBJC_ARC = YES;
				CLANG_ENABLE_OBJC_WEAK = YES;
				CLANG_WARN_BLOCK_CAPTURE_AUTORELEASING = YES;
				CLANG_WARN_BOOL_CONVERSION = YES;
				CLANG_WARN_COMMA = YES;
				CLANG_WARN_CONSTANT_CONVERSION = YES;
				CLANG_WARN_DEPRECATED_OBJC_IMPLEMENTATIONS = YES;
				CLANG_WARN_DIRECT_OBJC_ISA_USAGE = YES_ERROR;
				CLANG_WARN_DOCUMENTATION_COMMENTS = YES;
				CLANG_WARN_EMPTY_BODY = YES;
				CLANG_WARN_ENUM_CONVERSION = YES;
				CLANG_WARN_INFINITE_RECURSION = YES;
				CLANG_WARN_INT_CONVERSION = YES;
				CLANG_WARN_NON_LITERAL_NULL_CONVERSION = YES;
				CLANG_WARN_OBJC_IMPLICIT_RETAIN_SELF = YES;
				CLANG_WARN_OBJC_LITERAL_CONVERSION = YES;
				CLANG_WARN_OBJC_ROOT_CLASS = YES_ERROR;
				CLANG_WARN_QUOTED_INCLUDE_IN_FRAMEWORK_HEADER = YES;
				CLANG_WARN_RANGE_LOOP_ANALYSIS = YES;
				CLANG_WARN_STRICT_PROTOTYPES = YES;
				CLANG_WARN_SUSPICIOUS_MOVE = YES;
				CLANG_WARN_UNGUARDED_AVAILABILITY = YES_AGGRESSIVE;
				CLANG_WARN_UNREACHABLE_CODE = YES;
				CLANG_WARN__DUPLICATE_METHOD_MATCH = YES;
				COPY_PHASE_STRIP = NO;
				DEBUG_INFORMATION_FORMAT = "dwarf-with-dsym";
				ENABLE_NS_ASSERTIONS = NO;
				ENABLE_STRICT_OBJC_MSGSEND = YES;
				GCC_C_LANGUAGE_STANDARD = gnu11;
				GCC_NO_COMMON_BLOCKS = YES;
				GCC_WARN_64_TO_32_BIT_CONVERSION = YES;
				GCC_WARN_ABOUT_RETURN_TYPE = YES_ERROR;
				GCC_WARN_UNDECLARED_SELECTOR = YES;
				GCC_WARN_UNINITIALIZED_AUTOS = YES_AGGRESSIVE;
				GCC_WARN_UNUSED_FUNCTION = YES;
				GCC_WARN_UNUSED_VARIABLE = YES;
				IPHONEOS_DEPLOYMENT_TARGET = 15.0;
				MTL_ENABLE_DEBUG_INFO = NO;
				MTL_FAST_MATH = YES;
				SDKROOT = iphoneos;
				SWIFT_COMPILATION_MODE = wholemodule;
				SWIFT_OPTIMIZATION_LEVEL = "-O";
				VALIDATE_PRODUCT = YES;
			};
			name = Release;
		};
		3C2DAAB52717171900D0554E /* Debug */ = {
			isa = XCBuildConfiguration;
			buildSettings = {
				ASSETCATALOG_COMPILER_APPICON_NAME = AppIcon;
				ASSETCATALOG_COMPILER_GLOBAL_ACCENT_COLOR_NAME = AccentColor;
				CODE_SIGN_STYLE = Automatic;
				CURRENT_PROJECT_VERSION = 1;
				DEVELOPMENT_TEAM = RQYPG8XK25;
				GENERATE_INFOPLIST_FILE = YES;
				INFOPLIST_FILE = VkLoginApp/Info.plist;
				INFOPLIST_KEY_UIApplicationSupportsIndirectInputEvents = YES;
				INFOPLIST_KEY_UILaunchStoryboardName = LaunchScreen;
				INFOPLIST_KEY_UIMainStoryboardFile = Main;
				INFOPLIST_KEY_UISupportedInterfaceOrientations_iPad = "UIInterfaceOrientationPortrait UIInterfaceOrientationPortraitUpsideDown UIInterfaceOrientationLandscapeLeft UIInterfaceOrientationLandscapeRight";
				INFOPLIST_KEY_UISupportedInterfaceOrientations_iPhone = "UIInterfaceOrientationPortrait UIInterfaceOrientationLandscapeLeft UIInterfaceOrientationLandscapeRight";
				LD_RUNPATH_SEARCH_PATHS = (
					"$(inherited)",
					"@executable_path/Frameworks",
				);
				MARKETING_VERSION = 1.0;
				PRODUCT_BUNDLE_IDENTIFIER = ckost9n.VkLoginApp;
				PRODUCT_NAME = "$(TARGET_NAME)";
				SWIFT_EMIT_LOC_STRINGS = YES;
				SWIFT_VERSION = 5.0;
				TARGETED_DEVICE_FAMILY = "1,2";
			};
			name = Debug;
		};
		3C2DAAB62717171900D0554E /* Release */ = {
			isa = XCBuildConfiguration;
			buildSettings = {
				ASSETCATALOG_COMPILER_APPICON_NAME = AppIcon;
				ASSETCATALOG_COMPILER_GLOBAL_ACCENT_COLOR_NAME = AccentColor;
				CODE_SIGN_STYLE = Automatic;
				CURRENT_PROJECT_VERSION = 1;
				DEVELOPMENT_TEAM = RQYPG8XK25;
				GENERATE_INFOPLIST_FILE = YES;
				INFOPLIST_FILE = VkLoginApp/Info.plist;
				INFOPLIST_KEY_UIApplicationSupportsIndirectInputEvents = YES;
				INFOPLIST_KEY_UILaunchStoryboardName = LaunchScreen;
				INFOPLIST_KEY_UIMainStoryboardFile = Main;
				INFOPLIST_KEY_UISupportedInterfaceOrientations_iPad = "UIInterfaceOrientationPortrait UIInterfaceOrientationPortraitUpsideDown UIInterfaceOrientationLandscapeLeft UIInterfaceOrientationLandscapeRight";
				INFOPLIST_KEY_UISupportedInterfaceOrientations_iPhone = "UIInterfaceOrientationPortrait UIInterfaceOrientationLandscapeLeft UIInterfaceOrientationLandscapeRight";
				LD_RUNPATH_SEARCH_PATHS = (
					"$(inherited)",
					"@executable_path/Frameworks",
				);
				MARKETING_VERSION = 1.0;
				PRODUCT_BUNDLE_IDENTIFIER = ckost9n.VkLoginApp;
				PRODUCT_NAME = "$(TARGET_NAME)";
				SWIFT_EMIT_LOC_STRINGS = YES;
				SWIFT_VERSION = 5.0;
				TARGETED_DEVICE_FAMILY = "1,2";
			};
			name = Release;
		};
/* End XCBuildConfiguration section */

/* Begin XCConfigurationList section */
		3C2DAA9B2717171400D0554E /* Build configuration list for PBXProject "VkLoginApp" */ = {
			isa = XCConfigurationList;
			buildConfigurations = (
				3C2DAAB22717171900D0554E /* Debug */,
				3C2DAAB32717171900D0554E /* Release */,
			);
			defaultConfigurationIsVisible = 0;
			defaultConfigurationName = Release;
		};
		3C2DAAB42717171900D0554E /* Build configuration list for PBXNativeTarget "VkLoginApp" */ = {
			isa = XCConfigurationList;
			buildConfigurations = (
				3C2DAAB52717171900D0554E /* Debug */,
				3C2DAAB62717171900D0554E /* Release */,
			);
			defaultConfigurationIsVisible = 0;
			defaultConfigurationName = Release;
		};
/* End XCConfigurationList section */

/* Begin XCRemoteSwiftPackageReference section */
		3C20D49F27367876003F282C /* XCRemoteSwiftPackageReference "Kingfisher" */ = {
			isa = XCRemoteSwiftPackageReference;
			repositoryURL = "https://github.com/onevcat/Kingfisher.git";
			requirement = {
				kind = upToNextMajorVersion;
				minimumVersion = 7.0.0;
			};
		};
		3CCBC0A0272AA33200747BC7 /* XCRemoteSwiftPackageReference "Alamofire" */ = {
			isa = XCRemoteSwiftPackageReference;
			repositoryURL = "https://github.com/Alamofire/Alamofire.git";
			requirement = {
				kind = upToNextMajorVersion;
				minimumVersion = 5.4.0;
			};
		};
/* End XCRemoteSwiftPackageReference section */

/* Begin XCSwiftPackageProductDependency section */
		3C20D4A027367876003F282C /* Kingfisher */ = {
			isa = XCSwiftPackageProductDependency;
			package = 3C20D49F27367876003F282C /* XCRemoteSwiftPackageReference "Kingfisher" */;
			productName = Kingfisher;
		};
		3CCBC0A1272AA33300747BC7 /* Alamofire */ = {
			isa = XCSwiftPackageProductDependency;
			package = 3CCBC0A0272AA33200747BC7 /* XCRemoteSwiftPackageReference "Alamofire" */;
			productName = Alamofire;
		};
/* End XCSwiftPackageProductDependency section */
	};
	rootObject = 3C2DAA982717171400D0554E /* Project object */;
}
